
Microsoft Visual Studio Solution File, Format Version 12.00
# Visual Studio Version 17
VisualStudioVersion = 17.8.34511.84
MinimumVisualStudioVersion = 10.0.40219.1
Project("{FAE04EC0-301F-11D3-BF4B-00C04F79EFBC}") = "InventoryManagmentSystem", "InventoryManagmentSystem\InventoryManagmentSystem.csproj", "{015333C9-88BB-4C99-A372-258E3667838D}"
EndProject
Global
	GlobalSection(SolutionConfigurationPlatforms) = preSolution
		Debug|Any CPU = Debug|Any CPU
		Release|Any CPU = Release|Any CPU
	EndGlobalSection
	GlobalSection(ProjectConfigurationPlatforms) = postSolution
		{015333C9-88BB-4C99-A372-258E3667838D}.Debug|Any CPU.ActiveCfg = Debug|Any CPU
		{015333C9-88BB-4C99-A372-258E3667838D}.Debug|Any CPU.Build.0 = Debug|Any CPU
		{015333C9-88BB-4C99-A372-258E3667838D}.Release|Any CPU.ActiveCfg = Release|Any CPU
		{015333C9-88BB-4C99-A372-258E3667838D}.Release|Any CPU.Build.0 = Release|Any CPU
	EndGlobalSection
	GlobalSection(SolutionProperties) = preSolution
		HideSolutionNode = FALSE
	EndGlobalSection
	GlobalSection(ExtensibilityGlobals) = postSolution
		SolutionGuid = {B66CFBEE-EEDC-4BD8-B7CA-C3078ED6CF64}
	EndGlobalSection
EndGlobal
